{
  "version": "4",
  "specifiers": {
    "jsr:@anywidget/deno@*": "0.1.2",
    "jsr:@std/assert@~0.220.1": "0.220.1",
    "jsr:@std/path@0.220.1": "0.220.1"
  },
  "jsr": {
    "@anywidget/deno@0.1.2": {
      "integrity": "4f51c88be16275a3417096edc25ab1ed3c57d9ca37c727ccec1faa5838a0492b",
      "dependencies": [
        "jsr:@std/path"
      ]
    },
    "@std/assert@0.220.1": {
      "integrity": "88710d54f3afdd7a5761e7805abba1f56cd14e4b212feffeb3e73a9f77482425"
    },
    "@std/path@0.220.1": {
      "integrity": "cc63c1b5e5192e2f718dc2f365a3514fffb26cc0380959bab0f8fb5988a52f0c",
      "dependencies": [
        "jsr:@std/assert"
      ]
    }
  },
  "remote": {
    "https://deno.land/std@0.201.0/assert/assert.ts": "9a97dad6d98c238938e7540736b826440ad8c1c1e54430ca4c4e623e585607ee",
    "https://deno.land/std@0.201.0/assert/assertion_error.ts": "4d0bde9b374dfbcbe8ac23f54f567b77024fb67dbb1906a852d67fe050d42f56",
    "https://deno.land/std@0.201.0/path/_basename.ts": "057d420c9049821f983f784fd87fa73ac471901fb628920b67972b0f44319343",
    "https://deno.land/std@0.201.0/path/_constants.ts": "e49961f6f4f48039c0dfed3c3f93e963ca3d92791c9d478ac5b43183413136e0",
    "https://deno.land/std@0.201.0/path/_dirname.ts": "355e297236b2218600aee7a5301b937204c62e12da9db4b0b044993d9e658395",
    "https://deno.land/std@0.201.0/path/_extname.ts": "eaaa5aae1acf1f03254d681bd6a8ce42a9cb5b7ff2213a9d4740e8ab31283664",
    "https://deno.land/std@0.201.0/path/_format.ts": "4a99270d6810f082e614309164fad75d6f1a483b68eed97c830a506cc589f8b4",
    "https://deno.land/std@0.201.0/path/_from_file_url.ts": "6eadfae2e6f63ad9ee46b26db4a1b16583055c0392acedfb50ed2fc694b6f581",
    "https://deno.land/std@0.201.0/path/_interface.ts": "6471159dfbbc357e03882c2266d21ef9afdb1e4aa771b0545e90db58a0ba314b",
    "https://deno.land/std@0.201.0/path/_is_absolute.ts": "05dac10b5e93c63198b92e3687baa2be178df5321c527dc555266c0f4f51558c",
    "https://deno.land/std@0.201.0/path/_join.ts": "815f5e85b042285175b1492dd5781240ce126c23bd97bad6b8211fe7129c538e",
    "https://deno.land/std@0.201.0/path/_normalize.ts": "a19ec8706b2707f9dd974662a5cd89fad438e62ab1857e08b314a8eb49a34d81",
    "https://deno.land/std@0.201.0/path/_os.ts": "d932f56d41e4f6a6093d56044e29ce637f8dcc43c5a90af43504a889cf1775e3",
    "https://deno.land/std@0.201.0/path/_parse.ts": "0f9b0ff43682dd9964eb1c4398610c4e165d8db9d3ac9d594220217adf480cfa",
    "https://deno.land/std@0.201.0/path/_relative.ts": "27bdeffb5311a47d85be26d37ad1969979359f7636c5cd9fcf05dcd0d5099dc5",
    "https://deno.land/std@0.201.0/path/_resolve.ts": "7a3616f1093735ed327e758313b79c3c04ea921808ca5f19ddf240cb68d0adf6",
    "https://deno.land/std@0.201.0/path/_to_file_url.ts": "a141e4a525303e1a3a0c0571fd024552b5f3553a2af7d75d1ff3a503dcbb66d8",
    "https://deno.land/std@0.201.0/path/_to_namespaced_path.ts": "0d5f4caa2ed98ef7a8786286df6af804b50e38859ae897b5b5b4c8c5930a75c8",
    "https://deno.land/std@0.201.0/path/_util.ts": "4e191b1bac6b3bf0c31aab42e5ca2e01a86ab5a0d2e08b75acf8585047a86221",
    "https://deno.land/std@0.201.0/path/basename.ts": "bdfa5a624c6a45564dc6758ef2077f2822978a6dbe77b0a3514f7d1f81362930",
    "https://deno.land/std@0.201.0/path/common.ts": "ee7505ab01fd22de3963b64e46cff31f40de34f9f8de1fff6a1bd2fe79380000",
    "https://deno.land/std@0.201.0/path/dirname.ts": "b6533f4ee4174a526dec50c279534df5345836dfdc15318400b08c62a62a39dd",
    "https://deno.land/std@0.201.0/path/extname.ts": "62c4b376300795342fe1e4746c0de518b4dc9c4b0b4617bfee62a2973a9555cf",
    "https://deno.land/std@0.201.0/path/format.ts": "110270b238514dd68455a4c54956215a1aff7e37e22e4427b7771cefe1920aa5",
    "https://deno.land/std@0.201.0/path/from_file_url.ts": "9f5cb58d58be14c775ec2e57fc70029ac8b17ed3bd7fe93e475b07280adde0ac",
    "https://deno.land/std@0.201.0/path/glob.ts": "593e2c3573883225c25c5a21aaa8e9382a696b8e175ea20a3b6a1471ad17aaed",
    "https://deno.land/std@0.201.0/path/is_absolute.ts": "0b92eb35a0a8780e9f16f16bb23655b67dace6a8e0d92d42039e518ee38103c1",
    "https://deno.land/std@0.201.0/path/join.ts": "31c5419f23d91655b08ec7aec403f4e4cd1a63d39e28f6e42642ea207c2734f8",
    "https://deno.land/std@0.201.0/path/mod.ts": "6e1efb0b13121463aedb53ea51dabf5639a3172ab58c89900bbb72b486872532",
    "https://deno.land/std@0.201.0/path/normalize.ts": "6ea523e0040979dd7ae2f1be5bf2083941881a252554c0f32566a18b03021955",
    "https://deno.land/std@0.201.0/path/parse.ts": "be8de342bb9e1924d78dc4d93c45215c152db7bf738ec32475560424b119b394",
    "https://deno.land/std@0.201.0/path/posix.ts": "0a1c1952d132323a88736d03e92bd236f3ed5f9f079e5823fae07c8d978ee61b",
    "https://deno.land/std@0.201.0/path/relative.ts": "8bedac226afd360afc45d451a6c29fabceaf32978526bcb38e0c852661f66c61",
    "https://deno.land/std@0.201.0/path/resolve.ts": "133161e4949fc97f9ca67988d51376b0f5eef8968a6372325ab84d39d30b80dc",
    "https://deno.land/std@0.201.0/path/separator.ts": "40a3e9a4ad10bef23bc2cd6c610291b6c502a06237c2c4cd034a15ca78dedc1f",
    "https://deno.land/std@0.201.0/path/to_file_url.ts": "00e6322373dd51ad109956b775e4e72e5f9fa68ce2c6b04e4af2a6eed3825d31",
    "https://deno.land/std@0.201.0/path/to_namespaced_path.ts": "1b1db3055c343ab389901adfbda34e82b7386bcd1c744d54f9c1496ee0fd0c3d",
    "https://deno.land/std@0.201.0/path/win32.ts": "8b3f80ef7a462511d5e8020ff490edcaa0a0d118f1b1e9da50e2916bdd73f9dd",
    "https://deno.land/std@0.203.0/dotenv/mod.ts": "1da8c6d0e7f7d8a5c2b19400b763bc11739df24acec235dda7ea2cfd3d300057",
    "https://deno.land/std@0.224.0/dotenv/mod.ts": "0180eaeedaaf88647318811cdaa418cc64dc51fb08354f91f5f480d0a1309f7d",
    "https://deno.land/std@0.224.0/dotenv/parse.ts": "09977ff88dfd1f24f9973a338f0f91bbdb9307eb5ff6085446e7c423e4c7ba0c",
    "https://deno.land/std@0.224.0/dotenv/stringify.ts": "275da322c409170160440836342eaa7cf012a1d11a7e700d8ca4e7f2f8aa4615",
    "https://deno.land/x/dotenv@v3.2.0/mod.ts": "077b48773de9205266a0b44c3c3a3c3083449ed64bb0b6cc461b95720678d38e",
    "https://deno.land/x/dotenv@v3.2.0/util.ts": "693730877b13f8ead2b79b2aa31e2a0652862f7dc0c5f6d2f313f4d39c7b7670",
    "https://esm.sh/remark-preset-lint-recommended@6.0.0": "b20a7e1107eeabaf5db76a25d95459ff900977cb3ff98f0ac26775e2500d84d8",
    "https://esm.sh/remark-stringify@10.0.0": "96273e64ab149cf68f9a4c98fdd01d3b5236c694ccdd34a3a558e7fe1cbf8916",
    "https://esm.sh/remark@14.0.2": "497cf9cccf3d2be416dec21f6750c7280ddc6b6fa8c0803dec45ccfb3f33f0f2",
    "https://esm.sh/v135/bail@2.0.2/denonext/bail.mjs": "cab740cf24417dfad8567cbb78a49ae7e492ecca299f2b3185520805aba4d073",
    "https://esm.sh/v135/character-entities@2.0.2/denonext/character-entities.mjs": "9e8657f056310ac3ca8058eaf96cef695ee13a4bf6c302674796a882464f305c",
    "https://esm.sh/v135/decode-named-character-reference@1.0.2/denonext/decode-named-character-reference.mjs": "1a5a8f9cbe302be478e964ab701be8644dbdfd4d8ce9f14de186cf84ee2a4bc1",
    "https://esm.sh/v135/extend@3.0.2/denonext/extend.mjs": "6ab9e4890dfa54ec88fa326fca525c211141d6da72188f54e9610d1281219c9e",
    "https://esm.sh/v135/is-buffer@2.0.5/denonext/is-buffer.mjs": "87d027d2c668d773b7037bd49fc1c12ed6af26b9f176aacf338c7901237b8867",
    "https://esm.sh/v135/is-plain-obj@4.1.0/denonext/is-plain-obj.mjs": "d3d86a7174ad7935de7b00f904b6424c103bce530c502efb7f42114cbb1a555f",
    "https://esm.sh/v135/longest-streak@3.1.0/denonext/longest-streak.mjs": "97b1d8c42d407e285971fea218d89a0404270c3b841a26ec62b83f62450ad573",
    "https://esm.sh/v135/mdast-comment-marker@2.1.2/denonext/mdast-comment-marker.mjs": "e8928f792edf5a016c437f89fe8dddf29143681fb7322c0b5f8e4d8d5423fb67",
    "https://esm.sh/v135/mdast-util-from-markdown@1.3.1/denonext/mdast-util-from-markdown.mjs": "65ae3027592528ce907ef097d30b397c1df8ceac46b570877e23ccc786729365",
    "https://esm.sh/v135/mdast-util-heading-style@2.0.1/denonext/mdast-util-heading-style.mjs": "6a63f382027d23888666fedb14d1c34ce10b92b0e8e3c8d73fd1c903c2ca9910",
    "https://esm.sh/v135/mdast-util-phrasing@3.0.1/denonext/mdast-util-phrasing.mjs": "d501c6fb036c0eaa93ad0a9eade18e042486b9d19f52ac1a9fc8ead23b61c0dd",
    "https://esm.sh/v135/mdast-util-to-markdown@1.5.0/denonext/mdast-util-to-markdown.mjs": "1a045eded22f5a6f93649eee9002a98165429b804e90e4688ac959dfbe609773",
    "https://esm.sh/v135/mdast-util-to-string@3.2.0/denonext/mdast-util-to-string.mjs": "64fef8fd2a9fdb8abcff4ff6c086c273123c0833c13e465d6c9f82332d1e239c",
    "https://esm.sh/v135/micromark-core-commonmark@1.1.0/denonext/micromark-core-commonmark.mjs": "8ea80a972a2cfd19222b79d35cab88e3a79d4835fd5fe0e05ad000c13994365e",
    "https://esm.sh/v135/micromark-factory-destination@1.1.0/denonext/micromark-factory-destination.mjs": "0f4cfe8c7ee7f08eff79ec901fb8857f48b2bf89e39b40e81addffe70cd44017",
    "https://esm.sh/v135/micromark-factory-label@1.1.0/denonext/micromark-factory-label.mjs": "e15744c4e428fba31a126cd96c044c4207d0ad98a1568d9ec28cc7e177db3ff5",
    "https://esm.sh/v135/micromark-factory-space@1.1.0/denonext/micromark-factory-space.mjs": "ce486bfa164b884cfa19ff1eb405de9c8bddb7eeaf568d010750e727b4b39793",
    "https://esm.sh/v135/micromark-factory-title@1.1.0/denonext/micromark-factory-title.mjs": "005b75bb04244521012a5140453679bcaa6c75b8b2341ee3c7685ef1c9856421",
    "https://esm.sh/v135/micromark-factory-whitespace@1.1.0/denonext/micromark-factory-whitespace.mjs": "d70c19de434b2d46749c9e27326591ef7c10cfa8a33b59c74860da7754e9c225",
    "https://esm.sh/v135/micromark-util-character@1.2.0/denonext/micromark-util-character.mjs": "be2f95646c829378e2f33d0e8b03e7e057f2387cd54f9c18c3d48a87fbc909c9",
    "https://esm.sh/v135/micromark-util-chunked@1.1.0/denonext/micromark-util-chunked.mjs": "896f816c52b791283f998076bcea3ff9a4bbd2bf858d96be6079400939ae8c9d",
    "https://esm.sh/v135/micromark-util-classify-character@1.1.0/denonext/micromark-util-classify-character.mjs": "ff64bc52c4e6d1fbeeaefd9be488d34dc556041098bd6357cd228b5f9dc096b6",
    "https://esm.sh/v135/micromark-util-combine-extensions@1.1.0/denonext/micromark-util-combine-extensions.mjs": "0db50d493dbeac6b1b04671180c6b7f9dea800e07ccc80d0559afb8b70f74c3a",
    "https://esm.sh/v135/micromark-util-decode-numeric-character-reference@1.1.0/denonext/micromark-util-decode-numeric-character-reference.mjs": "d9d2a8fc3648db44a49c0284d088db354b39c5623e1497c4127ad103594a7948",
    "https://esm.sh/v135/micromark-util-decode-string@1.1.0/denonext/micromark-util-decode-string.mjs": "2bd3d285c564875e319170c5c8e0aba6d73d4e38c53d03bba2af352b032e184a",
    "https://esm.sh/v135/micromark-util-html-tag-name@1.2.0/denonext/micromark-util-html-tag-name.mjs": "81ed9b1fe3f6dd5290991b4bf39d034ddfd6cdbb4f5352ab61769e4c2eb3fbd3",
    "https://esm.sh/v135/micromark-util-normalize-identifier@1.1.0/denonext/micromark-util-normalize-identifier.mjs": "27b873a22954a139d8215b722b0a867b4f1f718cd261ea3f884f997a0d3e0e08",
    "https://esm.sh/v135/micromark-util-resolve-all@1.1.0/denonext/micromark-util-resolve-all.mjs": "ee8f55a86b2bfcc1be3d15bbd8b106755a51916ae4c75c962cc044f6b2a22d46",
    "https://esm.sh/v135/micromark-util-subtokenize@1.1.0/denonext/micromark-util-subtokenize.mjs": "9e3712a2c1b703a286509669b2a13796a48408b33793ab29b7c52131f2593523",
    "https://esm.sh/v135/micromark@3.2.0/denonext/lib/parse.js": "8d440e731fded89575d7f8e367f228ddbf104c33562cd22192c0502ee85aeb70",
    "https://esm.sh/v135/micromark@3.2.0/denonext/lib/postprocess.js": "774c1746f5cfb64842ae05fd1391de26d5e0560cec1eb91dc4bf255ef5ff21c5",
    "https://esm.sh/v135/micromark@3.2.0/denonext/lib/preprocess.js": "786db83c43e9d21f14bc37b6c05f061ca4a1db862ffed10c07ca1e6843f73fae",
    "https://esm.sh/v135/pluralize@8.0.0/denonext/pluralize.mjs": "c874f2612d057d4484c386f6a093496c73bbf249f764a1c34b2417cd952ac153",
    "https://esm.sh/v135/remark-lint-final-newline@2.1.2/denonext/remark-lint-final-newline.mjs": "b5c4cc46baab95b5de376bb8b6ee80a2221a8b5eff68d2b1ee0850b4d7250310",
    "https://esm.sh/v135/remark-lint-hard-break-spaces@3.1.2/denonext/remark-lint-hard-break-spaces.mjs": "eb22ed136688685ea2ac9301d15e6572a8f8093d2b03f65b29af70ce68afbded",
    "https://esm.sh/v135/remark-lint-list-item-bullet-indent@4.1.2/denonext/remark-lint-list-item-bullet-indent.mjs": "8565ff17d061485225de94b2cf84b437e720be5da3744d025ff2197ea3422a59",
    "https://esm.sh/v135/remark-lint-list-item-indent@3.1.2/denonext/remark-lint-list-item-indent.mjs": "76226b466c5045f058ee6e46d0e2268f341733dc5306fd5ff4e14e47a0e5d7f8",
    "https://esm.sh/v135/remark-lint-no-auto-link-without-protocol@3.1.2/denonext/remark-lint-no-auto-link-without-protocol.mjs": "50413f18cdce15888f37694ddee461682725215338720d8c79f827d99a81ae62",
    "https://esm.sh/v135/remark-lint-no-blockquote-without-marker@5.1.2/denonext/remark-lint-no-blockquote-without-marker.mjs": "3a746e77303e410bff9de6a707fdbe997dfc8ab6f82bf6515c05f9aea6f411c7",
    "https://esm.sh/v135/remark-lint-no-duplicate-definitions@3.1.2/denonext/remark-lint-no-duplicate-definitions.mjs": "10e73101919e0f41b613f3c621647cb543073acd1833bc4b64e6c65e4f387fc3",
    "https://esm.sh/v135/remark-lint-no-heading-content-indent@4.1.2/denonext/remark-lint-no-heading-content-indent.mjs": "60827ce4988c6b6131f435f36639af519fdbe9bc9619343ef3e57c2c81d8a336",
    "https://esm.sh/v135/remark-lint-no-inline-padding@4.1.2/denonext/remark-lint-no-inline-padding.mjs": "12ab5f24d2d488340c2745555a1ed5a968907e7c370142021151b16d2ab6e29c",
    "https://esm.sh/v135/remark-lint-no-literal-urls@3.1.2/denonext/remark-lint-no-literal-urls.mjs": "6f52e0ccb82dfc7f15e715abd84c781744a92e5cd4ba450663eda6dd5cce63dd",
    "https://esm.sh/v135/remark-lint-no-shortcut-reference-image@3.1.2/denonext/remark-lint-no-shortcut-reference-image.mjs": "771f267034a751c4b6c3292fb7a23abc50d23e01a4314df9064dda1d7f48d9af",
    "https://esm.sh/v135/remark-lint-no-shortcut-reference-link@3.1.2/denonext/remark-lint-no-shortcut-reference-link.mjs": "c4cdf6115c6d6af47d8d77730c4a02578059e027d15c055c06b3dd901433cbbb",
    "https://esm.sh/v135/remark-lint-no-undefined-references@4.2.1/denonext/remark-lint-no-undefined-references.mjs": "12dca92d040a2b11c5d5656fe92337600b452417fb01b76d87bfcf8a34f595d0",
    "https://esm.sh/v135/remark-lint-no-unused-definitions@3.1.2/denonext/remark-lint-no-unused-definitions.mjs": "c74f5d965a06358cd10a161c42f2397a88d9a363317cb5eaecd0969a4bcdc711",
    "https://esm.sh/v135/remark-lint-ordered-list-marker-style@3.1.2/denonext/remark-lint-ordered-list-marker-style.mjs": "63782a91c2ba1d6483cce5aaad4aea5365345046b4aa08d8c4c1d46b7b6795cc",
    "https://esm.sh/v135/remark-lint@9.1.2/denonext/remark-lint.mjs": "c9db0407940f36bb3e60c2c5cad6e49d260cbf11cb38b66d420fab9a4e15817f",
    "https://esm.sh/v135/remark-message-control@7.1.1/denonext/remark-message-control.mjs": "c128c6797e204fcd4e1f058929d8c8a00a5543494fe1f682d0e7ab3ac57a2949",
    "https://esm.sh/v135/remark-parse@10.0.2/denonext/remark-parse.mjs": "04e0d076883afea6a411919ad9531eac162d2f430658480ae114f2771f60802c",
    "https://esm.sh/v135/remark-preset-lint-recommended@6.0.0/denonext/remark-preset-lint-recommended.mjs": "cc8d0ec5baac96844844541dacbabdf0ca7b9d8fe747e2ed15b8d867001d2a01",
    "https://esm.sh/v135/remark-stringify@10.0.0/denonext/remark-stringify.mjs": "530f698b38b8213d784c02ddc7227a7633e2bdd0d7022d9ae49bf49553284f96",
    "https://esm.sh/v135/remark-stringify@10.0.3/denonext/remark-stringify.mjs": "39ec2f4e0205c521bca09b46faaba4c4486cfb7e724f62ac8441318016e73d76",
    "https://esm.sh/v135/remark@14.0.2/denonext/remark.mjs": "f0e7d51e7b4a2f51110896bd11d578dce250cf66a540f357091a79b566923dd3",
    "https://esm.sh/v135/trough@2.1.0/denonext/trough.mjs": "d7c1b66bf8739a28bcc6bbf17919f6b54b7b25cceabfb0e694d192232c83f1fd",
    "https://esm.sh/v135/trough@2.2.0/denonext/trough.mjs": "af5b6a1249da29b6738a49efcb61311f7132c60e82f8e2afd941f44be035b55c",
    "https://esm.sh/v135/unified-lint-rule@2.1.2/denonext/unified-lint-rule.mjs": "b8e476a6ba8d1faa423f140d4b4c1031e00abcff6f261e2d1733264963147c0d",
    "https://esm.sh/v135/unified-message-control@4.0.0/denonext/unified-message-control.mjs": "f8952c0e59be851d81e44550dc4a3d4d330c7a6dc43a7e1fa45fc39ec953eee5",
    "https://esm.sh/v135/unified@10.1.2/denonext/unified.mjs": "0b53102ba5eaa2e46987eb2e595614b51ba1ac6ded42097bce37d5f2f5c98227",
    "https://esm.sh/v135/unist-util-generated@2.0.1/denonext/unist-util-generated.mjs": "ff9c54405f6aedb39847fd975a3f528129089e74dd61e9408d5b1b09d8a13dc1",
    "https://esm.sh/v135/unist-util-is@5.2.1/denonext/unist-util-is.mjs": "771abea65db57c71e2a3d98200242c362337617e63881fc9954e891dde32277c",
    "https://esm.sh/v135/unist-util-position@4.0.4/denonext/unist-util-position.mjs": "be87a00f3663c09267443ef900692719014d966ef84969cb9ad7b9cfc4cd6157",
    "https://esm.sh/v135/unist-util-stringify-position@3.0.3/denonext/unist-util-stringify-position.mjs": "e3b2256d68ec8d5ceeb204afe84492e69182ad264a876309a33def43aa34111d",
    "https://esm.sh/v135/unist-util-visit-parents@4.1.1/denonext/unist-util-visit-parents.mjs": "776ee0cff99d5f0d878e382ee846e5a5012176aff124b1dcbdaefdcd10db2a24",
    "https://esm.sh/v135/unist-util-visit-parents@5.1.3/denonext/unist-util-visit-parents.mjs": "ba7da2ff52f5918f6189e059e076a0d9d5a1b1cda05483f26bafb23659d5e1f4",
    "https://esm.sh/v135/unist-util-visit@3.1.0/denonext/unist-util-visit.mjs": "97d8cacb99ad5fc7f201399e5cea2b53c93ee2ce1b3f78c74fa9afea4f7c2af0",
    "https://esm.sh/v135/unist-util-visit@4.1.2/denonext/unist-util-visit.mjs": "17fb2ed178b4f6ac073c362ca95680df240fcfb6a324ad79fab34314a3c06929",
    "https://esm.sh/v135/vfile-location@4.1.0/denonext/vfile-location.mjs": "aa64a017e8059406f649f12a564162b61f1fa6ac0e4498c250e4309a9bc617bf",
    "https://esm.sh/v135/vfile-message@3.1.4/denonext/vfile-message.mjs": "d34b802439153a4908c47017c7a7b1e5b8c704de13825f738c4d810468fd7e4d",
    "https://esm.sh/v135/vfile@5.3.7/denonext/vfile.mjs": "fba5dc460e787ded817fb2565ac7235cfd2a164f403a4f38864f34384e0afbf1",
    "https://esm.sh/v135/zwitch@2.0.4/denonext/zwitch.mjs": "c0e8c246a1f38b425335ea78cc366a7801d3ef89701229a35f85a51310e6e49f"
  }
}
